// !$*UTF8*$!
{
	archiveVersion = 1;
	classes = {
	};
	objectVersion = 46;
	objects = {

/* Begin PBXBuildFile section */
		2017FEC81E3AA3DD0079424F /* AppDelegate.swift in Sources */ = {isa = PBXBuildFile; fileRef = 2017FEC71E3AA3DD0079424F /* AppDelegate.swift */; };
		2017FECF1E3AA3DD0079424F /* Assets.xcassets in Resources */ = {isa = PBXBuildFile; fileRef = 2017FECE1E3AA3DD0079424F /* Assets.xcassets */; };
		2017FED21E3AA3DD0079424F /* LaunchScreen.storyboard in Resources */ = {isa = PBXBuildFile; fileRef = 2017FED01E3AA3DD0079424F /* LaunchScreen.storyboard */; };
		2017FEDD1E3AA3DD0079424F /* StreamAndSaveTests.swift in Sources */ = {isa = PBXBuildFile; fileRef = 2017FEDC1E3AA3DD0079424F /* StreamAndSaveTests.swift */; };
		2017FEE81E3AA4190079424F /* AssetManager.swift in Sources */ = {isa = PBXBuildFile; fileRef = 2017FEE71E3AA4190079424F /* AssetManager.swift */; };
		2017FEF21E3AA44D0079424F /* PWCache.m in Sources */ = {isa = PBXBuildFile; fileRef = 2017FEEB1E3AA44D0079424F /* PWCache.m */; };
		2017FEF31E3AA44D0079424F /* PWDiskCache.m in Sources */ = {isa = PBXBuildFile; fileRef = 2017FEED1E3AA44D0079424F /* PWDiskCache.m */; };
		2017FEF41E3AA44D0079424F /* PWKVStorage.m in Sources */ = {isa = PBXBuildFile; fileRef = 2017FEEF1E3AA44D0079424F /* PWKVStorage.m */; };
		2017FEF51E3AA44D0079424F /* PWMemoryCache.m in Sources */ = {isa = PBXBuildFile; fileRef = 2017FEF11E3AA44D0079424F /* PWMemoryCache.m */; };
		2017FEFA1E3AB9290079424F /* Main.storyboard in Resources */ = {isa = PBXBuildFile; fileRef = 2017FEF91E3AB9290079424F /* Main.storyboard */; };
		2017FEFC1E3AF9FF0079424F /* ViewController.swift in Sources */ = {isa = PBXBuildFile; fileRef = 2017FEFB1E3AF9FF0079424F /* ViewController.swift */; };
		2017FEFE1E3AFA760079424F /* SpinnerView.swift in Sources */ = {isa = PBXBuildFile; fileRef = 2017FEFD1E3AFA760079424F /* SpinnerView.swift */; };
		2017FF011E3AFADF0079424F /* libsqlite3.tbd in Frameworks */ = {isa = PBXBuildFile; fileRef = 2017FF001E3AFADF0079424F /* libsqlite3.tbd */; };
/* End PBXBuildFile section */

/* Begin PBXContainerItemProxy section */
		2017FED91E3AA3DD0079424F /* PBXContainerItemProxy */ = {
			isa = PBXContainerItemProxy;
			containerPortal = 2017FEBC1E3AA3DD0079424F /* Project object */;
			proxyType = 1;
			remoteGlobalIDString = 2017FEC31E3AA3DD0079424F;
			remoteInfo = StreamAndSave;
		};
/* End PBXContainerItemProxy section */

/* Begin PBXFileReference section */
		2017FEC41E3AA3DD0079424F /* StreamAndSave.app */ = {isa = PBXFileReference; explicitFileType = wrapper.application; includeInIndex = 0; path = StreamAndSave.app; sourceTree = BUILT_PRODUCTS_DIR; };
		2017FEC71E3AA3DD0079424F /* AppDelegate.swift */ = {isa = PBXFileReference; lastKnownFileType = sourcecode.swift; path = AppDelegate.swift; sourceTree = "<group>"; };
		2017FECE1E3AA3DD0079424F /* Assets.xcassets */ = {isa = PBXFileReference; lastKnownFileType = folder.assetcatalog; path = Assets.xcassets; sourceTree = "<group>"; };
		2017FED11E3AA3DD0079424F /* Base */ = {isa = PBXFileReference; lastKnownFileType = file.storyboard; name = Base; path = Base.lproj/LaunchScreen.storyboard; sourceTree = "<group>"; };
		2017FED31E3AA3DD0079424F /* Info.plist */ = {isa = PBXFileReference; lastKnownFileType = text.plist.xml; path = Info.plist; sourceTree = "<group>"; };
		2017FED81E3AA3DD0079424F /* StreamAndSaveTests.xctest */ = {isa = PBXFileReference; explicitFileType = wrapper.cfbundle; includeInIndex = 0; path = StreamAndSaveTests.xctest; sourceTree = BUILT_PRODUCTS_DIR; };
		2017FEDC1E3AA3DD0079424F /* StreamAndSaveTests.swift */ = {isa = PBXFileReference; lastKnownFileType = sourcecode.swift; path = StreamAndSaveTests.swift; sourceTree = "<group>"; };
		2017FEDE1E3AA3DD0079424F /* Info.plist */ = {isa = PBXFileReference; lastKnownFileType = text.plist.xml; path = Info.plist; sourceTree = "<group>"; };
		2017FEE71E3AA4190079424F /* AssetManager.swift */ = {isa = PBXFileReference; fileEncoding = 4; lastKnownFileType = sourcecode.swift; path = AssetManager.swift; sourceTree = "<group>"; };
		2017FEE91E3AA44C0079424F /* StreamAndSave-Bridging-Header.h */ = {isa = PBXFileReference; lastKnownFileType = sourcecode.c.h; path = "StreamAndSave-Bridging-Header.h"; sourceTree = "<group>"; };
		2017FEEA1E3AA44D0079424F /* PWCache.h */ = {isa = PBXFileReference; fileEncoding = 4; lastKnownFileType = sourcecode.c.h; path = PWCache.h; sourceTree = "<group>"; };
		2017FEEB1E3AA44D0079424F /* PWCache.m */ = {isa = PBXFileReference; fileEncoding = 4; lastKnownFileType = sourcecode.c.objc; path = PWCache.m; sourceTree = "<group>"; };
		2017FEEC1E3AA44D0079424F /* PWDiskCache.h */ = {isa = PBXFileReference; fileEncoding = 4; lastKnownFileType = sourcecode.c.h; path = PWDiskCache.h; sourceTree = "<group>"; };
		2017FEED1E3AA44D0079424F /* PWDiskCache.m */ = {isa = PBXFileReference; fileEncoding = 4; lastKnownFileType = sourcecode.c.objc; path = PWDiskCache.m; sourceTree = "<group>"; };
		2017FEEE1E3AA44D0079424F /* PWKVStorage.h */ = {isa = PBXFileReference; fileEncoding = 4; lastKnownFileType = sourcecode.c.h; path = PWKVStorage.h; sourceTree = "<group>"; };
		2017FEEF1E3AA44D0079424F /* PWKVStorage.m */ = {isa = PBXFileReference; fileEncoding = 4; lastKnownFileType = sourcecode.c.objc; path = PWKVStorage.m; sourceTree = "<group>"; };
		2017FEF01E3AA44D0079424F /* PWMemoryCache.h */ = {isa = PBXFileReference; fileEncoding = 4; lastKnownFileType = sourcecode.c.h; path = PWMemoryCache.h; sourceTree = "<group>"; };
		2017FEF11E3AA44D0079424F /* PWMemoryCache.m */ = {isa = PBXFileReference; fileEncoding = 4; lastKnownFileType = sourcecode.c.objc; path = PWMemoryCache.m; sourceTree = "<group>"; };
		2017FEF91E3AB9290079424F /* Main.storyboard */ = {isa = PBXFileReference; fileEncoding = 4; lastKnownFileType = file.storyboard; path = Main.storyboard; sourceTree = "<group>"; };
		2017FEFB1E3AF9FF0079424F /* ViewController.swift */ = {isa = PBXFileReference; fileEncoding = 4; lastKnownFileType = sourcecode.swift; path = ViewController.swift; sourceTree = "<group>"; };
		2017FEFD1E3AFA760079424F /* SpinnerView.swift */ = {isa = PBXFileReference; fileEncoding = 4; lastKnownFileType = sourcecode.swift; path = SpinnerView.swift; sourceTree = "<group>"; };
		2017FF001E3AFADF0079424F /* libsqlite3.tbd */ = {isa = PBXFileReference; lastKnownFileType = "sourcecode.text-based-dylib-definition"; name = libsqlite3.tbd; path = usr/lib/libsqlite3.tbd; sourceTree = SDKROOT; };
/* End PBXFileReference section */

/* Begin PBXFrameworksBuildPhase section */
		2017FEC11E3AA3DD0079424F /* Frameworks */ = {
			isa = PBXFrameworksBuildPhase;
			buildActionMask = 2147483647;
			files = (
				2017FF011E3AFADF0079424F /* libsqlite3.tbd in Frameworks */,
			);
			runOnlyForDeploymentPostprocessing = 0;
		};
		2017FED51E3AA3DD0079424F /* Frameworks */ = {
			isa = PBXFrameworksBuildPhase;
			buildActionMask = 2147483647;
			files = (
			);
			runOnlyForDeploymentPostprocessing = 0;
		};
/* End PBXFrameworksBuildPhase section */

/* Begin PBXGroup section */
		2017FEBB1E3AA3DD0079424F = {
			isa = PBXGroup;
			children = (
				2017FEC61E3AA3DD0079424F /* StreamAndSave */,
				2017FEDB1E3AA3DD0079424F /* StreamAndSaveTests */,
				2017FEC51E3AA3DD0079424F /* Products */,
				2017FEFF1E3AFADF0079424F /* Frameworks */,
			);
			sourceTree = "<group>";
		};
		2017FEC51E3AA3DD0079424F /* Products */ = {
			isa = PBXGroup;
			children = (
				2017FEC41E3AA3DD0079424F /* StreamAndSave.app */,
				2017FED81E3AA3DD0079424F /* StreamAndSaveTests.xctest */,
			);
			name = Products;
			sourceTree = "<group>";
		};
		2017FEC61E3AA3DD0079424F /* StreamAndSave */ = {
			isa = PBXGroup;
			children = (
				2017FEF61E3AA45F0079424F /* Cache */,
				2017FEE71E3AA4190079424F /* AssetManager.swift */,
				2017FEFD1E3AFA760079424F /* SpinnerView.swift */,
				2017FEFB1E3AF9FF0079424F /* ViewController.swift */,
				2017FEC71E3AA3DD0079424F /* AppDelegate.swift */,
				2017FEF91E3AB9290079424F /* Main.storyboard */,
				2017FECE1E3AA3DD0079424F /* Assets.xcassets */,
				2017FED01E3AA3DD0079424F /* LaunchScreen.storyboard */,
				2017FED31E3AA3DD0079424F /* Info.plist */,
				2017FEE91E3AA44C0079424F /* StreamAndSave-Bridging-Header.h */,
			);
			path = StreamAndSave;
			sourceTree = "<group>";
		};
		2017FEDB1E3AA3DD0079424F /* StreamAndSaveTests */ = {
			isa = PBXGroup;
			children = (
				2017FEDC1E3AA3DD0079424F /* StreamAndSaveTests.swift */,
				2017FEDE1E3AA3DD0079424F /* Info.plist */,
			);
			path = StreamAndSaveTests;
			sourceTree = "<group>";
		};
		2017FEF61E3AA45F0079424F /* Cache */ = {
			isa = PBXGroup;
			children = (
				2017FEEA1E3AA44D0079424F /* PWCache.h */,
				2017FEEB1E3AA44D0079424F /* PWCache.m */,
				2017FEEC1E3AA44D0079424F /* PWDiskCache.h */,
				2017FEED1E3AA44D0079424F /* PWDiskCache.m */,
				2017FEEE1E3AA44D0079424F /* PWKVStorage.h */,
				2017FEEF1E3AA44D0079424F /* PWKVStorage.m */,
				2017FEF01E3AA44D0079424F /* PWMemoryCache.h */,
				2017FEF11E3AA44D0079424F /* PWMemoryCache.m */,
			);
			name = Cache;
			sourceTree = "<group>";
		};
		2017FEFF1E3AFADF0079424F /* Frameworks */ = {
			isa = PBXGroup;
			children = (
				2017FF001E3AFADF0079424F /* libsqlite3.tbd */,
			);
			name = Frameworks;
			sourceTree = "<group>";
		};
/* End PBXGroup section */

/* Begin PBXNativeTarget section */
		2017FEC31E3AA3DD0079424F /* StreamAndSave */ = {
			isa = PBXNativeTarget;
			buildConfigurationList = 2017FEE11E3AA3DD0079424F /* Build configuration list for PBXNativeTarget "StreamAndSave" */;
			buildPhases = (
				2017FEC01E3AA3DD0079424F /* Sources */,
				2017FEC11E3AA3DD0079424F /* Frameworks */,
				2017FEC21E3AA3DD0079424F /* Resources */,
			);
			buildRules = (
			);
			dependencies = (
			);
			name = StreamAndSave;
			productName = StreamAndSave;
			productReference = 2017FEC41E3AA3DD0079424F /* StreamAndSave.app */;
			productType = "com.apple.product-type.application";
		};
		2017FED71E3AA3DD0079424F /* StreamAndSaveTests */ = {
			isa = PBXNativeTarget;
			buildConfigurationList = 2017FEE41E3AA3DD0079424F /* Build configuration list for PBXNativeTarget "StreamAndSaveTests" */;
			buildPhases = (
				2017FED41E3AA3DD0079424F /* Sources */,
				2017FED51E3AA3DD0079424F /* Frameworks */,
				2017FED61E3AA3DD0079424F /* Resources */,
			);
			buildRules = (
			);
			dependencies = (
				2017FEDA1E3AA3DD0079424F /* PBXTargetDependency */,
			);
			name = StreamAndSaveTests;
			productName = StreamAndSaveTests;
			productReference = 2017FED81E3AA3DD0079424F /* StreamAndSaveTests.xctest */;
			productType = "com.apple.product-type.bundle.unit-test";
		};
/* End PBXNativeTarget section */

/* Begin PBXProject section */
		2017FEBC1E3AA3DD0079424F /* Project object */ = {
			isa = PBXProject;
			attributes = {
				LastSwiftUpdateCheck = 0820;
				LastUpgradeCheck = 0820;
				ORGANIZATIONNAME = "Rongbo Yang";
				TargetAttributes = {
					2017FEC31E3AA3DD0079424F = {
						CreatedOnToolsVersion = 8.2.1;
						DevelopmentTeam = 2SF9PA2S35;
						LastSwiftMigration = 0820;
						ProvisioningStyle = Automatic;
					};
					2017FED71E3AA3DD0079424F = {
						CreatedOnToolsVersion = 8.2.1;
						DevelopmentTeam = 2SF9PA2S35;
						ProvisioningStyle = Automatic;
						TestTargetID = 2017FEC31E3AA3DD0079424F;
					};
				};
			};
			buildConfigurationList = 2017FEBF1E3AA3DD0079424F /* Build configuration list for PBXProject "StreamAndSave" */;
			compatibilityVersion = "Xcode 3.2";
			developmentRegion = English;
			hasScannedForEncodings = 0;
			knownRegions = (
				en,
				Base,
			);
			mainGroup = 2017FEBB1E3AA3DD0079424F;
			productRefGroup = 2017FEC51E3AA3DD0079424F /* Products */;
			projectDirPath = "";
			projectRoot = "";
			targets = (
				2017FEC31E3AA3DD0079424F /* StreamAndSave */,
				2017FED71E3AA3DD0079424F /* StreamAndSaveTests */,
			);
		};
/* End PBXProject section */

/* Begin PBXResourcesBuildPhase section */
		2017FEC21E3AA3DD0079424F /* Resources */ = {
			isa = PBXResourcesBuildPhase;
			buildActionMask = 2147483647;
			files = (
				2017FEFA1E3AB9290079424F /* Main.storyboard in Resources */,
				2017FED21E3AA3DD0079424F /* LaunchScreen.storyboard in Resources */,
				2017FECF1E3AA3DD0079424F /* Assets.xcassets in Resources */,
			);
			runOnlyForDeploymentPostprocessing = 0;
		};
		2017FED61E3AA3DD0079424F /* Resources */ = {
			isa = PBXResourcesBuildPhase;
			buildActionMask = 2147483647;
			files = (
			);
			runOnlyForDeploymentPostprocessing = 0;
		};
/* End PBXResourcesBuildPhase section */

/* Begin PBXSourcesBuildPhase section */
		2017FEC01E3AA3DD0079424F /* Sources */ = {
			isa = PBXSourcesBuildPhase;
			buildActionMask = 2147483647;
			files = (
				2017FEE81E3AA4190079424F /* AssetManager.swift in Sources */,
				2017FEC81E3AA3DD0079424F /* AppDelegate.swift in Sources */,
				2017FEF41E3AA44D0079424F /* PWKVStorage.m in Sources */,
				2017FEF51E3AA44D0079424F /* PWMemoryCache.m in Sources */,
				2017FEFC1E3AF9FF0079424F /* ViewController.swift in Sources */,
				2017FEF21E3AA44D0079424F /* PWCache.m in Sources */,
				2017FEFE1E3AFA760079424F /* SpinnerView.swift in Sources */,
				2017FEF31E3AA44D0079424F /* PWDiskCache.m in Sources */,
			);
			runOnlyForDeploymentPostprocessing = 0;
		};
		2017FED41E3AA3DD0079424F /* Sources */ = {
			isa = PBXSourcesBuildPhase;
			buildActionMask = 2147483647;
			files = (
				2017FEDD1E3AA3DD0079424F /* StreamAndSaveTests.swift in Sources */,
			);
			runOnlyForDeploymentPostprocessing = 0;
		};
/* End PBXSourcesBuildPhase section */

/* Begin PBXTargetDependency section */
		2017FEDA1E3AA3DD0079424F /* PBXTargetDependency */ = {
			isa = PBXTargetDependency;
			target = 2017FEC31E3AA3DD0079424F /* StreamAndSave */;
			targetProxy = 2017FED91E3AA3DD0079424F /* PBXContainerItemProxy */;
		};
/* End PBXTargetDependency section */

/* Begin PBXVariantGroup section */
		2017FED01E3AA3DD0079424F /* LaunchScreen.storyboard */ = {
			isa = PBXVariantGroup;
			children = (
				2017FED11E3AA3DD0079424F /* Base */,
			);
			name = LaunchScreen.storyboard;
			sourceTree = "<group>";
		};
/* End PBXVariantGroup section */

/* Begin XCBuildConfiguration section */
		2017FEDF1E3AA3DD0079424F /* Debug */ = {
			isa = XCBuildConfiguration;
			buildSettings = {
				ALWAYS_SEARCH_USER_PATHS = NO;
				CLANG_ANALYZER_NONNULL = YES;
				CLANG_CXX_LANGUAGE_STANDARD = "gnu++0x";
				CLANG_CXX_LIBRARY = "libc++";
				CLANG_ENABLE_MODULES = YES;
				CLANG_ENABLE_OBJC_ARC = YES;
				CLANG_WARN_BOOL_CONVERSION = YES;
				CLANG_WARN_CONSTANT_CONVERSION = YES;
				CLANG_WARN_DIRECT_OBJC_ISA_USAGE = YES_ERROR;
				CLANG_WARN_DOCUMENTATION_COMMENTS = YES;
				CLANG_WARN_EMPTY_BODY = YES;
				CLANG_WARN_ENUM_CONVERSION = YES;
				CLANG_WARN_INFINITE_RECURSION = YES;
				CLANG_WARN_INT_CONVERSION = YES;
				CLANG_WARN_OBJC_ROOT_CLASS = YES_ERROR;
				CLANG_WARN_SUSPICIOUS_MOVE = YES;
				CLANG_WARN_UNREACHABLE_CODE = YES;
				CLANG_WARN__DUPLICATE_METHOD_MATCH = YES;
				"CODE_SIGN_IDENTITY[sdk=iphoneos*]" = "iPhone Developer";
				COPY_PHASE_STRIP = NO;
				DEBUG_INFORMATION_FORMAT = dwarf;
				ENABLE_STRICT_OBJC_MSGSEND = YES;
				ENABLE_TESTABILITY = YES;
				GCC_C_LANGUAGE_STANDARD = gnu99;
				GCC_DYNAMIC_NO_PIC = NO;
				GCC_NO_COMMON_BLOCKS = YES;
				GCC_OPTIMIZATION_LEVEL = 0;
				GCC_PREPROCESSOR_DEFINITIONS = (
					"DEBUG=1",
					"$(inherited)",
				);
				GCC_WARN_64_TO_32_BIT_CONVERSION = YES;
				GCC_WARN_ABOUT_RETURN_TYPE = YES_ERROR;
				GCC_WARN_UNDECLARED_SELECTOR = YES;
				GCC_WARN_UNINITIALIZED_AUTOS = YES_AGGRESSIVE;
				GCC_WARN_UNUSED_FUNCTION = YES;
				GCC_WARN_UNUSED_VARIABLE = YES;
				IPHONEOS_DEPLOYMENT_TARGET = 10.2;
				MTL_ENABLE_DEBUG_INFO = YES;
				ONLY_ACTIVE_ARCH = YES;
				SDKROOT = iphoneos;
				SWIFT_ACTIVE_COMPILATION_CONDITIONS = DEBUG;
				SWIFT_OPTIMIZATION_LEVEL = "-Onone";
				TARGETED_DEVICE_FAMILY = "1,2";
			};
			name = Debug;
		};
		2017FEE01E3AA3DD0079424F /* Release */ = {
			isa = XCBuildConfiguration;
			buildSettings = {
				ALWAYS_SEARCH_USER_PATHS = NO;
				CLANG_ANALYZER_NONNULL = YES;
				CLANG_CXX_LANGUAGE_STANDARD = "gnu++0x";
				CLANG_CXX_LIBRARY = "libc++";
				CLANG_ENABLE_MODULES = YES;
				CLANG_ENABLE_OBJC_ARC = YES;
				CLANG_WARN_BOOL_CONVERSION = YES;
				CLANG_WARN_CONSTANT_CONVERSION = YES;
				CLANG_WARN_DIRECT_OBJC_ISA_USAGE = YES_ERROR;
				CLANG_WARN_DOCUMENTATION_COMMENTS = YES;
				CLANG_WARN_EMPTY_BODY = YES;
				CLANG_WARN_ENUM_CONVERSION = YES;
				CLANG_WARN_INFINITE_RECURSION = YES;
				CLANG_WARN_INT_CONVERSION = YES;
				CLANG_WARN_OBJC_ROOT_CLASS = YES_ERROR;
				CLANG_WARN_SUSPICIOUS_MOVE = YES;
				CLANG_WARN_UNREACHABLE_CODE = YES;
				CLANG_WARN__DUPLICATE_METHOD_MATCH = YES;
				"CODE_SIGN_IDENTITY[sdk=iphoneos*]" = "iPhone Developer";
				COPY_PHASE_STRIP = NO;
				DEBUG_INFORMATION_FORMAT = "dwarf-with-dsym";
				ENABLE_NS_ASSERTIONS = NO;
				ENABLE_STRICT_OBJC_MSGSEND = YES;
				GCC_C_LANGUAGE_STANDARD = gnu99;
				GCC_NO_COMMON_BLOCKS = YES;
				GCC_WARN_64_TO_32_BIT_CONVERSION = YES;
				GCC_WARN_ABOUT_RETURN_TYPE = YES_ERROR;
				GCC_WARN_UNDECLARED_SELECTOR = YES;
				GCC_WARN_UNINITIALIZED_AUTOS = YES_AGGRESSIVE;
				GCC_WARN_UNUSED_FUNCTION = YES;
				GCC_WARN_UNUSED_VARIABLE = YES;
				IPHONEOS_DEPLOYMENT_TARGET = 10.2;
				MTL_ENABLE_DEBUG_INFO = NO;
				SDKROOT = iphoneos;
				SWIFT_OPTIMIZATION_LEVEL = "-Owholemodule";
				TARGETED_DEVICE_FAMILY = "1,2";
				VALIDATE_PRODUCT = YES;
			};
			name = Release;
		};
		2017FEE21E3AA3DD0079424F /* Debug */ = {
			isa = XCBuildConfiguration;
			buildSettings = {
				ASSETCATALOG_COMPILER_APPICON_NAME = AppIcon;
				CLANG_ENABLE_MODULES = YES;
				DEVELOPMENT_TEAM = 2SF9PA2S35;
				INFOPLIST_FILE = StreamAndSave/Info.plist;
				LD_RUNPATH_SEARCH_PATHS = "$(inherited) @executable_path/Frameworks";
				PRODUCT_BUNDLE_IDENTIFIER = com.mollytian.StreamAndSave;
				PRODUCT_NAME = "$(TARGET_NAME)";
				SWIFT_OBJC_BRIDGING_HEADER = "StreamAndSave/StreamAndSave-Bridging-Header.h";
				SWIFT_OPTIMIZATION_LEVEL = "-Onone";
				SWIFT_VERSION = 3.0;
			};
			name = Debug;
		};
		2017FEE31E3AA3DD0079424F /* Release */ = {
			isa = XCBuildConfiguration;
			buildSettings = {
				ASSETCATALOG_COMPILER_APPICON_NAME = AppIcon;
				CLANG_ENABLE_MODULES = YES;
				DEVELOPMENT_TEAM = 2SF9PA2S35;
				INFOPLIST_FILE = StreamAndSave/Info.plist;
				LD_RUNPATH_SEARCH_PATHS = "$(inherited) @executable_path/Frameworks";
				PRODUCT_BUNDLE_IDENTIFIER = com.mollytian.StreamAndSave;
				PRODUCT_NAME = "$(TARGET_NAME)";
				SWIFT_OBJC_BRIDGING_HEADER = "StreamAndSave/StreamAndSave-Bridging-Header.h";
				SWIFT_VERSION = 3.0;
			};
			name = Release;
		};
		2017FEE51E3AA3DD0079424F /* Debug */ = {
			isa = XCBuildConfiguration;
			buildSettings = {
				ALWAYS_EMBED_SWIFT_STANDARD_LIBRARIES = YES;
				BUNDLE_LOADER = "$(TEST_HOST)";
				DEVELOPMENT_TEAM = 2SF9PA2S35;
				INFOPLIST_FILE = StreamAndSaveTests/Info.plist;
				LD_RUNPATH_SEARCH_PATHS = "$(inherited) @executable_path/Frameworks @loader_path/Frameworks";
				PRODUCT_BUNDLE_IDENTIFIER = com.mollytian.StreamAndSaveTests;
				PRODUCT_NAME = "$(TARGET_NAME)";
				SWIFT_VERSION = 3.0;
				TEST_HOST = "$(BUILT_PRODUCTS_DIR)/StreamAndSave.app/StreamAndSave";
			};
			name = Debug;
		};
		2017FEE61E3AA3DD0079424F /* Release */ = {
			isa = XCBuildConfiguration;
			buildSettings = {
				ALWAYS_EMBED_SWIFT_STANDARD_LIBRARIES = YES;
				BUNDLE_LOADER = "$(TEST_HOST)";
				DEVELOPMENT_TEAM = 2SF9PA2S35;
				INFOPLIST_FILE = StreamAndSaveTests/Info.plist;
				LD_RUNPATH_SEARCH_PATHS = "$(inherited) @executable_path/Frameworks @loader_path/Frameworks";
				PRODUCT_BUNDLE_IDENTIFIER = com.mollytian.StreamAndSaveTests;
				PRODUCT_NAME = "$(TARGET_NAME)";
				SWIFT_VERSION = 3.0;
				TEST_HOST = "$(BUILT_PRODUCTS_DIR)/StreamAndSave.app/StreamAndSave";
			};
			name = Release;
		};
/* End XCBuildConfiguration section */

/* Begin XCConfigurationList section */
		2017FEBF1E3AA3DD0079424F /* Build configuration list for PBXProject "StreamAndSave" */ = {
			isa = XCConfigurationList;
			buildConfigurations = (
				2017FEDF1E3AA3DD0079424F /* Debug */,
				2017FEE01E3AA3DD0079424F /* Release */,
			);
			defaultConfigurationIsVisible = 0;
			defaultConfigurationName = Release;
		};
		2017FEE11E3AA3DD0079424F /* Build configuration list for PBXNativeTarget "StreamAndSave" */ = {
			isa = XCConfigurationList;
			buildConfigurations = (
				2017FEE21E3AA3DD0079424F /* Debug */,
				2017FEE31E3AA3DD0079424F /* Release */,
			);
			defaultConfigurationIsVisible = 0;
		};
		2017FEE41E3AA3DD0079424F /* Build configuration list for PBXNativeTarget "StreamAndSaveTests" */ = {
			isa = XCConfigurationList;
			buildConfigurations = (
				2017FEE51E3AA3DD0079424F /* Debug */,
				2017FEE61E3AA3DD0079424F /* Release */,
			);
			defaultConfigurationIsVisible = 0;
		};
/* End XCConfigurationList section */
	};
	rootObject = 2017FEBC1E3AA3DD0079424F /* Project object */;
}
